
Microsoft Visual Studio Solution File, Format Version 12.00
# Visual Studio Version 16
VisualStudioVersion = 16.0.30503.244
MinimumVisualStudioVersion = 10.0.40219.1
Project("{FAE04EC0-301F-11D3-BF4B-00C04F79EFBC}") = "project", "project\project.csproj", "{A200121E-1FAC-4723-9221-E4FE1A237B87}"
EndProject
Global
	GlobalSection(SolutionConfigurationPlatforms) = preSolution
		Debug|Any CPU = Debug|Any CPU
		Release|Any CPU = Release|Any CPU
	EndGlobalSection
	GlobalSection(ProjectConfigurationPlatforms) = postSolution
		{A200121E-1FAC-4723-9221-E4FE1A237B87}.Debug|Any CPU.ActiveCfg = Debug|Any CPU
		{A200121E-1FAC-4723-9221-E4FE1A237B87}.Debug|Any CPU.Build.0 = Debug|Any CPU
		{A200121E-1FAC-4723-9221-E4FE1A237B87}.Release|Any CPU.ActiveCfg = Release|Any CPU
		{A200121E-1FAC-4723-9221-E4FE1A237B87}.Release|Any CPU.Build.0 = Release|Any CPU
	EndGlobalSection
	GlobalSection(SolutionProperties) = preSolution
		HideSolutionNode = FALSE
	EndGlobalSection
	GlobalSection(ExtensibilityGlobals) = postSolution
		SolutionGuid = {92C192AC-B200-4B30-8760-060E9AF634CE}
	EndGlobalSection
EndGlobal
